
Microsoft Visual Studio Solution File, Format Version 12.00
# Visual Studio Version 16
VisualStudioVersion = 16.0.31205.134
MinimumVisualStudioVersion = 10.0.40219.1
Project("{9A19103F-16F7-4668-BE54-9A1E7A4F7556}") = "Business", "Business\Business.csproj", "{613ACC61-1C93-482F-B7B6-C8DBBC6FAE64}"
EndProject
Project("{9A19103F-16F7-4668-BE54-9A1E7A4F7556}") = "ConsoleUI", "Console\ConsoleUI.csproj", "{8D2EB861-D7AE-48BC-B06E-E6E7C3D113DD}"
EndProject
Project("{9A19103F-16F7-4668-BE54-9A1E7A4F7556}") = "DataAccess", "DataAccess\DataAccess.csproj", "{A1962710-174D-4B05-A465-11ECE87E0231}"
EndProject
Project("{9A19103F-16F7-4668-BE54-9A1E7A4F7556}") = "Entities", "Entities\Entities.csproj", "{FB9FBCF9-5208-4F12-B153-AB54145EB8F3}"
EndProject
Project("{9A19103F-16F7-4668-BE54-9A1E7A4F7556}") = "Core", "Core\Core.csproj", "{FFD5CDCF-5834-492E-8804-29B7973E1B34}"
EndProject
Project("{FAE04EC0-301F-11D3-BF4B-00C04F79EFBC}") = "WebAPI", "WebAPI\WebAPI.csproj", "{0FE08D91-4154-4ED2-8F1A-60B7B9FA1AE2}"
EndProject
Global
	GlobalSection(SolutionConfigurationPlatforms) = preSolution
		Debug|Any CPU = Debug|Any CPU
		Release|Any CPU = Release|Any CPU
	EndGlobalSection
	GlobalSection(ProjectConfigurationPlatforms) = postSolution
		{613ACC61-1C93-482F-B7B6-C8DBBC6FAE64}.Debug|Any CPU.ActiveCfg = Debug|Any CPU
		{613ACC61-1C93-482F-B7B6-C8DBBC6FAE64}.Debug|Any CPU.Build.0 = Debug|Any CPU
		{613ACC61-1C93-482F-B7B6-C8DBBC6FAE64}.Release|Any CPU.ActiveCfg = Release|Any CPU
		{613ACC61-1C93-482F-B7B6-C8DBBC6FAE64}.Release|Any CPU.Build.0 = Release|Any CPU
		{8D2EB861-D7AE-48BC-B06E-E6E7C3D113DD}.Debug|Any CPU.ActiveCfg = Debug|Any CPU
		{8D2EB861-D7AE-48BC-B06E-E6E7C3D113DD}.Debug|Any CPU.Build.0 = Debug|Any CPU
		{8D2EB861-D7AE-48BC-B06E-E6E7C3D113DD}.Release|Any CPU.ActiveCfg = Release|Any CPU
		{8D2EB861-D7AE-48BC-B06E-E6E7C3D113DD}.Release|Any CPU.Build.0 = Release|Any CPU
		{A1962710-174D-4B05-A465-11ECE87E0231}.Debug|Any CPU.ActiveCfg = Debug|Any CPU
		{A1962710-174D-4B05-A465-11ECE87E0231}.Debug|Any CPU.Build.0 = Debug|Any CPU
		{A1962710-174D-4B05-A465-11ECE87E0231}.Release|Any CPU.ActiveCfg = Release|Any CPU
		{A1962710-174D-4B05-A465-11ECE87E0231}.Release|Any CPU.Build.0 = Release|Any CPU
		{FB9FBCF9-5208-4F12-B153-AB54145EB8F3}.Debug|Any CPU.ActiveCfg = Debug|Any CPU
		{FB9FBCF9-5208-4F12-B153-AB54145EB8F3}.Debug|Any CPU.Build.0 = Debug|Any CPU
		{FB9FBCF9-5208-4F12-B153-AB54145EB8F3}.Release|Any CPU.ActiveCfg = Release|Any CPU
		{FB9FBCF9-5208-4F12-B153-AB54145EB8F3}.Release|Any CPU.Build.0 = Release|Any CPU
		{FFD5CDCF-5834-492E-8804-29B7973E1B34}.Debug|Any CPU.ActiveCfg = Debug|Any CPU
		{FFD5CDCF-5834-492E-8804-29B7973E1B34}.Debug|Any CPU.Build.0 = Debug|Any CPU
		{FFD5CDCF-5834-492E-8804-29B7973E1B34}.Release|Any CPU.ActiveCfg = Release|Any CPU
		{FFD5CDCF-5834-492E-8804-29B7973E1B34}.Release|Any CPU.Build.0 = Release|Any CPU
		{0FE08D91-4154-4ED2-8F1A-60B7B9FA1AE2}.Debug|Any CPU.ActiveCfg = Debug|Any CPU
		{0FE08D91-4154-4ED2-8F1A-60B7B9FA1AE2}.Debug|Any CPU.Build.0 = Debug|Any CPU
		{0FE08D91-4154-4ED2-8F1A-60B7B9FA1AE2}.Release|Any CPU.ActiveCfg = Release|Any CPU
		{0FE08D91-4154-4ED2-8F1A-60B7B9FA1AE2}.Release|Any CPU.Build.0 = Release|Any CPU
	EndGlobalSection
	GlobalSection(SolutionProperties) = preSolution
		HideSolutionNode = FALSE
	EndGlobalSection
	GlobalSection(ExtensibilityGlobals) = postSolution
		SolutionGuid = {86C9C935-055C-4C2C-927F-5B63DF9BB9C3}
	EndGlobalSection
EndGlobal
